
Microsoft Visual Studio Solution File, Format Version 12.00
# Visual Studio 15
VisualStudioVersion = 15.0.28010.2048
MinimumVisualStudioVersion = 10.0.40219.1
Project("{FAE04EC0-301F-11D3-BF4B-00C04F79EFBC}") = "Wanderer", "Wanderer\Wanderer.csproj", "{1BD01C91-FD19-41AE-8C60-DB98CEEFCF7D}"
EndProject
Global
	GlobalSection(SolutionConfigurationPlatforms) = preSolution
		Debug|Any CPU = Debug|Any CPU
		Release|Any CPU = Release|Any CPU
	EndGlobalSection
	GlobalSection(ProjectConfigurationPlatforms) = postSolution
		{1BD01C91-FD19-41AE-8C60-DB98CEEFCF7D}.Debug|Any CPU.ActiveCfg = Debug|Any CPU
		{1BD01C91-FD19-41AE-8C60-DB98CEEFCF7D}.Debug|Any CPU.Build.0 = Debug|Any CPU
		{1BD01C91-FD19-41AE-8C60-DB98CEEFCF7D}.Release|Any CPU.ActiveCfg = Release|Any CPU
		{1BD01C91-FD19-41AE-8C60-DB98CEEFCF7D}.Release|Any CPU.Build.0 = Release|Any CPU
	EndGlobalSection
	GlobalSection(SolutionProperties) = preSolution
		HideSolutionNode = FALSE
	EndGlobalSection
	GlobalSection(ExtensibilityGlobals) = postSolution
		SolutionGuid = {41733357-1A0D-4301-82DB-AE269104CF66}
	EndGlobalSection
EndGlobal
